
Microsoft Visual Studio Solution File, Format Version 12.00
# Visual Studio 15
VisualStudioVersion = 15.0.27428.2043
MinimumVisualStudioVersion = 10.0.40219.1
Project("{FAE04EC0-301F-11D3-BF4B-00C04F79EFBC}") = "MemoryGame", "MemoryGame\MemoryGame.csproj", "{9BB5965F-F848-4A61-89E7-43A9F3C5D31E}"
EndProject
Global
	GlobalSection(SolutionConfigurationPlatforms) = preSolution
		Debug|Any CPU = Debug|Any CPU
		Release|Any CPU = Release|Any CPU
	EndGlobalSection
	GlobalSection(ProjectConfigurationPlatforms) = postSolution
		{9BB5965F-F848-4A61-89E7-43A9F3C5D31E}.Debug|Any CPU.ActiveCfg = Debug|Any CPU
		{9BB5965F-F848-4A61-89E7-43A9F3C5D31E}.Debug|Any CPU.Build.0 = Debug|Any CPU
		{9BB5965F-F848-4A61-89E7-43A9F3C5D31E}.Release|Any CPU.ActiveCfg = Release|Any CPU
		{9BB5965F-F848-4A61-89E7-43A9F3C5D31E}.Release|Any CPU.Build.0 = Release|Any CPU
	EndGlobalSection
	GlobalSection(SolutionProperties) = preSolution
		HideSolutionNode = FALSE
	EndGlobalSection
	GlobalSection(ExtensibilityGlobals) = postSolution
		SolutionGuid = {080942B1-B120-4D3A-9336-C5FEA25CE126}
	EndGlobalSection
EndGlobal
